
Microsoft Visual Studio Solution File, Format Version 12.00
# Visual Studio Version 17
VisualStudioVersion = 17.12.35728.132
MinimumVisualStudioVersion = 10.0.40219.1
Project("{FAE04EC0-301F-11D3-BF4B-00C04F79EFBC}") = "YumBlazor", "YumBlazor.csproj", "{A4FF9C3A-40D4-4499-AC79-0DB69607D767}"
EndProject
Global
	GlobalSection(SolutionConfigurationPlatforms) = preSolution
		Debug|Any CPU = Debug|Any CPU
		Release|Any CPU = Release|Any CPU
	EndGlobalSection
	GlobalSection(ProjectConfigurationPlatforms) = postSolution
		{A4FF9C3A-40D4-4499-AC79-0DB69607D767}.Debug|Any CPU.ActiveCfg = Debug|Any CPU
		{A4FF9C3A-40D4-4499-AC79-0DB69607D767}.Debug|Any CPU.Build.0 = Debug|Any CPU
		{A4FF9C3A-40D4-4499-AC79-0DB69607D767}.Release|Any CPU.ActiveCfg = Release|Any CPU
		{A4FF9C3A-40D4-4499-AC79-0DB69607D767}.Release|Any CPU.Build.0 = Release|Any CPU
	EndGlobalSection
	GlobalSection(SolutionProperties) = preSolution
		HideSolutionNode = FALSE
	EndGlobalSection
	GlobalSection(ExtensibilityGlobals) = postSolution
		SolutionGuid = {A055B057-B75A-49CC-8D77-848C7A067F28}
	EndGlobalSection
EndGlobal
